{
  "name": "frasancolorsweb",
  "lockfileVersion": 2,
  "requires": true,
  "packages": {
    "": {
      "dependencies": {
        "magic-wand-tool": "^1.1.7"
      }
    },
    "node_modules/magic-wand-tool": {
      "version": "1.1.7",
      "resolved": "https://registry.npmjs.org/magic-wand-tool/-/magic-wand-tool-1.1.7.tgz",
      "integrity": "sha512-S4rHzCs/bAp7nhQGKeg+McWuqrdyZKpnu8Ahd8AU7NzuLTm/Hh8tkpv1tW91Kmm59foIrXzip1d+P9NDoyxrZA=="
    }
  },
  "dependencies": {
    "magic-wand-tool": {
      "version": "1.1.7",
      "resolved": "https://registry.npmjs.org/magic-wand-tool/-/magic-wand-tool-1.1.7.tgz",
      "integrity": "sha512-S4rHzCs/bAp7nhQGKeg+McWuqrdyZKpnu8Ahd8AU7NzuLTm/Hh8tkpv1tW91Kmm59foIrXzip1d+P9NDoyxrZA=="
    }
  }
}
